
Microsoft Visual Studio Solution File, Format Version 12.00
# Visual Studio Version 16
VisualStudioVersion = 16.0.30907.101
MinimumVisualStudioVersion = 10.0.40219.1
Project("{FAE04EC0-301F-11D3-BF4B-00C04F79EFBC}") = "InterfaceDemo", "InterfaceDemo\InterfaceDemo.csproj", "{FA84096C-7700-4385-85EE-01CE3920A72E}"
EndProject
Global
	GlobalSection(SolutionConfigurationPlatforms) = preSolution
		Debug|Any CPU = Debug|Any CPU
		Release|Any CPU = Release|Any CPU
	EndGlobalSection
	GlobalSection(ProjectConfigurationPlatforms) = postSolution
		{FA84096C-7700-4385-85EE-01CE3920A72E}.Debug|Any CPU.ActiveCfg = Debug|Any CPU
		{FA84096C-7700-4385-85EE-01CE3920A72E}.Debug|Any CPU.Build.0 = Debug|Any CPU
		{FA84096C-7700-4385-85EE-01CE3920A72E}.Release|Any CPU.ActiveCfg = Release|Any CPU
		{FA84096C-7700-4385-85EE-01CE3920A72E}.Release|Any CPU.Build.0 = Release|Any CPU
	EndGlobalSection
	GlobalSection(SolutionProperties) = preSolution
		HideSolutionNode = FALSE
	EndGlobalSection
	GlobalSection(ExtensibilityGlobals) = postSolution
		SolutionGuid = {5581A3CA-5B05-4C0E-8A14-8B6ED6F28639}
	EndGlobalSection
EndGlobal
