
Microsoft Visual Studio Solution File, Format Version 12.00
# Visual Studio Version 16
VisualStudioVersion = 16.0.30907.101
MinimumVisualStudioVersion = 10.0.40219.1
Project("{FAE04EC0-301F-11D3-BF4B-00C04F79EFBC}") = "Structure_Method", "Structure_Method\Structure_Method.csproj", "{C90E6154-714E-4798-913B-695A4B2E2266}"
EndProject
Global
	GlobalSection(SolutionConfigurationPlatforms) = preSolution
		Debug|Any CPU = Debug|Any CPU
		Release|Any CPU = Release|Any CPU
	EndGlobalSection
	GlobalSection(ProjectConfigurationPlatforms) = postSolution
		{C90E6154-714E-4798-913B-695A4B2E2266}.Debug|Any CPU.ActiveCfg = Debug|Any CPU
		{C90E6154-714E-4798-913B-695A4B2E2266}.Debug|Any CPU.Build.0 = Debug|Any CPU
		{C90E6154-714E-4798-913B-695A4B2E2266}.Release|Any CPU.ActiveCfg = Release|Any CPU
		{C90E6154-714E-4798-913B-695A4B2E2266}.Release|Any CPU.Build.0 = Release|Any CPU
	EndGlobalSection
	GlobalSection(SolutionProperties) = preSolution
		HideSolutionNode = FALSE
	EndGlobalSection
	GlobalSection(ExtensibilityGlobals) = postSolution
		SolutionGuid = {651CA6B0-507E-47FE-9668-3466E6D265A6}
	EndGlobalSection
EndGlobal
